
Microsoft Visual Studio Solution File, Format Version 12.00
# Visual Studio 14
VisualStudioVersion = 14.0.23107.0
MinimumVisualStudioVersion = 10.0.40219.1
Project("{FAE04EC0-301F-11D3-BF4B-00C04F79EFBC}") = "LoadTester", "LoadTester\LoadTester.csproj", "{4247DCC6-09B1-4905-8A29-FD80E9BA18CB}"
EndProject
Project("{FAE04EC0-301F-11D3-BF4B-00C04F79EFBC}") = "LoadTester.Demo", "LoadTester.Demo\LoadTester.Demo.csproj", "{F1BBAA78-1EE7-4590-A1D9-7FCD1F00AA22}"
EndProject
Global
	GlobalSection(SolutionConfigurationPlatforms) = preSolution
		Debug|Any CPU = Debug|Any CPU
		Release|Any CPU = Release|Any CPU
	EndGlobalSection
	GlobalSection(ProjectConfigurationPlatforms) = postSolution
		{4247DCC6-09B1-4905-8A29-FD80E9BA18CB}.Debug|Any CPU.ActiveCfg = Debug|Any CPU
		{4247DCC6-09B1-4905-8A29-FD80E9BA18CB}.Debug|Any CPU.Build.0 = Debug|Any CPU
		{4247DCC6-09B1-4905-8A29-FD80E9BA18CB}.Release|Any CPU.ActiveCfg = Release|Any CPU
		{4247DCC6-09B1-4905-8A29-FD80E9BA18CB}.Release|Any CPU.Build.0 = Release|Any CPU
		{F1BBAA78-1EE7-4590-A1D9-7FCD1F00AA22}.Debug|Any CPU.ActiveCfg = Debug|Any CPU
		{F1BBAA78-1EE7-4590-A1D9-7FCD1F00AA22}.Debug|Any CPU.Build.0 = Debug|Any CPU
		{F1BBAA78-1EE7-4590-A1D9-7FCD1F00AA22}.Release|Any CPU.ActiveCfg = Release|Any CPU
		{F1BBAA78-1EE7-4590-A1D9-7FCD1F00AA22}.Release|Any CPU.Build.0 = Release|Any CPU
	EndGlobalSection
	GlobalSection(SolutionProperties) = preSolution
		HideSolutionNode = FALSE
	EndGlobalSection
EndGlobal
